
Microsoft Visual Studio Solution File, Format Version 12.00
# Visual Studio Version 16
VisualStudioVersion = 16.0.30907.101
MinimumVisualStudioVersion = 10.0.40219.1
Project("{9A19103F-16F7-4668-BE54-9A1E7A4F7556}") = "AutomatingDocumentFilling.Domain", "DocumentCompletionAutomationSystem.Domain\AutomatingDocumentFilling.Domain.csproj", "{FFF3F780-4340-4C11-A756-D4B3ECD6757F}"
EndProject
Project("{9A19103F-16F7-4668-BE54-9A1E7A4F7556}") = "AutomatingDocumentFilling.EntityFramework", "DocumentCompletionAutomationSystem.EntityFramework\AutomatingDocumentFilling.EntityFramework.csproj", "{EC56E792-9529-467D-9E55-752A509A9CDC}"
EndProject
Global
	GlobalSection(SolutionConfigurationPlatforms) = preSolution
		Debug|Any CPU = Debug|Any CPU
		Release|Any CPU = Release|Any CPU
	EndGlobalSection
	GlobalSection(ProjectConfigurationPlatforms) = postSolution
		{FFF3F780-4340-4C11-A756-D4B3ECD6757F}.Debug|Any CPU.ActiveCfg = Debug|Any CPU
		{FFF3F780-4340-4C11-A756-D4B3ECD6757F}.Debug|Any CPU.Build.0 = Debug|Any CPU
		{FFF3F780-4340-4C11-A756-D4B3ECD6757F}.Release|Any CPU.ActiveCfg = Release|Any CPU
		{FFF3F780-4340-4C11-A756-D4B3ECD6757F}.Release|Any CPU.Build.0 = Release|Any CPU
		{EC56E792-9529-467D-9E55-752A509A9CDC}.Debug|Any CPU.ActiveCfg = Debug|Any CPU
		{EC56E792-9529-467D-9E55-752A509A9CDC}.Debug|Any CPU.Build.0 = Debug|Any CPU
		{EC56E792-9529-467D-9E55-752A509A9CDC}.Release|Any CPU.ActiveCfg = Release|Any CPU
		{EC56E792-9529-467D-9E55-752A509A9CDC}.Release|Any CPU.Build.0 = Release|Any CPU
	EndGlobalSection
	GlobalSection(SolutionProperties) = preSolution
		HideSolutionNode = FALSE
	EndGlobalSection
	GlobalSection(ExtensibilityGlobals) = postSolution
		SolutionGuid = {CC199F95-0940-4F45-A2C5-213E92519718}
	EndGlobalSection
EndGlobal
